
Microsoft Visual Studio Solution File, Format Version 12.00
# Visual Studio Version 17
VisualStudioVersion = 17.1.32328.378
MinimumVisualStudioVersion = 10.0.40219.1
Project("{FAE04EC0-301F-11D3-BF4B-00C04F79EFBC}") = "GymVidaYSaludWEB", "GymVidaYSaludWEB\GymVidaYSaludWEB.csproj", "{DEA96BCE-286B-4665-847B-8F28A4C4039D}"
EndProject
Global
	GlobalSection(SolutionConfigurationPlatforms) = preSolution
		Debug|Any CPU = Debug|Any CPU
		Release|Any CPU = Release|Any CPU
	EndGlobalSection
	GlobalSection(ProjectConfigurationPlatforms) = postSolution
		{DEA96BCE-286B-4665-847B-8F28A4C4039D}.Debug|Any CPU.ActiveCfg = Debug|Any CPU
		{DEA96BCE-286B-4665-847B-8F28A4C4039D}.Debug|Any CPU.Build.0 = Debug|Any CPU
		{DEA96BCE-286B-4665-847B-8F28A4C4039D}.Release|Any CPU.ActiveCfg = Release|Any CPU
		{DEA96BCE-286B-4665-847B-8F28A4C4039D}.Release|Any CPU.Build.0 = Release|Any CPU
	EndGlobalSection
	GlobalSection(SolutionProperties) = preSolution
		HideSolutionNode = FALSE
	EndGlobalSection
	GlobalSection(ExtensibilityGlobals) = postSolution
		SolutionGuid = {46473E26-0347-41F9-93A6-244452B5A592}
	EndGlobalSection
EndGlobal
